
Microsoft Visual Studio Solution File, Format Version 12.00
# Visual Studio Version 17
VisualStudioVersion = 17.2.32630.192
MinimumVisualStudioVersion = 10.0.40219.1
Project("{9A19103F-16F7-4668-BE54-9A1E7A4F7556}") = "CommboxAgents", "CommboxAgents\CommboxAgents.csproj", "{12FC9B0D-F0B5-423C-A4D1-7B582B614265}"
EndProject
Global
	GlobalSection(SolutionConfigurationPlatforms) = preSolution
		Debug|Any CPU = Debug|Any CPU
		Release|Any CPU = Release|Any CPU
	EndGlobalSection
	GlobalSection(ProjectConfigurationPlatforms) = postSolution
		{12FC9B0D-F0B5-423C-A4D1-7B582B614265}.Debug|Any CPU.ActiveCfg = Debug|Any CPU
		{12FC9B0D-F0B5-423C-A4D1-7B582B614265}.Debug|Any CPU.Build.0 = Debug|Any CPU
		{12FC9B0D-F0B5-423C-A4D1-7B582B614265}.Release|Any CPU.ActiveCfg = Release|Any CPU
		{12FC9B0D-F0B5-423C-A4D1-7B582B614265}.Release|Any CPU.Build.0 = Release|Any CPU
	EndGlobalSection
	GlobalSection(SolutionProperties) = preSolution
		HideSolutionNode = FALSE
	EndGlobalSection
	GlobalSection(ExtensibilityGlobals) = postSolution
		SolutionGuid = {3DA695AA-0D1E-4D0B-928F-4B6EF377CF04}
	EndGlobalSection
EndGlobal
